
Microsoft Visual Studio Solution File, Format Version 12.00
# Visual Studio 15
VisualStudioVersion = 15.0.28307.329
MinimumVisualStudioVersion = 10.0.40219.1
Project("{9A19103F-16F7-4668-BE54-9A1E7A4F7556}") = "Xamarin.Forms.AutoNavigationPage", "Xamarin.Forms.AutoNavigationPage\Xamarin.Forms.AutoNavigationPage.csproj", "{526B2122-2268-4DF2-B813-3A38EB6A7CBC}"
EndProject
Project("{9A19103F-16F7-4668-BE54-9A1E7A4F7556}") = "Xamarin.Forms.AutoNavigationPage.Tests", "Xamarin.Forms.AutoNavigationPage.Tests\Xamarin.Forms.AutoNavigationPage.Tests.csproj", "{579EC018-362B-47AB-AC15-D6023F73D3C9}"
EndProject
Project("{FAE04EC0-301F-11D3-BF4B-00C04F79EFBC}") = "ExampleProject.Android", "ExampleProject\ExampleProject.Android\ExampleProject.Android.csproj", "{8A85759C-4F44-4022-BDAB-4C937C833B75}"
EndProject
Project("{FAE04EC0-301F-11D3-BF4B-00C04F79EFBC}") = "ExampleProject.iOS", "ExampleProject\ExampleProject.iOS\ExampleProject.iOS.csproj", "{103F7B5C-A2BE-489E-8D6D-2F92958E5A6A}"
EndProject
Project("{FAE04EC0-301F-11D3-BF4B-00C04F79EFBC}") = "ExampleProject", "ExampleProject\ExampleProject\ExampleProject.csproj", "{48476473-17C3-4427-B2FE-83032FA01B05}"
EndProject
Global
	GlobalSection(SolutionConfigurationPlatforms) = preSolution
		Ad-Hoc|Any CPU = Ad-Hoc|Any CPU
		Ad-Hoc|iPhone = Ad-Hoc|iPhone
		Ad-Hoc|iPhoneSimulator = Ad-Hoc|iPhoneSimulator
		AppStore|Any CPU = AppStore|Any CPU
		AppStore|iPhone = AppStore|iPhone
		AppStore|iPhoneSimulator = AppStore|iPhoneSimulator
		Debug|Any CPU = Debug|Any CPU
		Debug|iPhone = Debug|iPhone
		Debug|iPhoneSimulator = Debug|iPhoneSimulator
		Release|Any CPU = Release|Any CPU
		Release|iPhone = Release|iPhone
		Release|iPhoneSimulator = Release|iPhoneSimulator
	EndGlobalSection
	GlobalSection(ProjectConfigurationPlatforms) = postSolution
		{526B2122-2268-4DF2-B813-3A38EB6A7CBC}.Ad-Hoc|Any CPU.ActiveCfg = Release|Any CPU
		{526B2122-2268-4DF2-B813-3A38EB6A7CBC}.Ad-Hoc|Any CPU.Build.0 = Release|Any CPU
		{526B2122-2268-4DF2-B813-3A38EB6A7CBC}.Ad-Hoc|iPhone.ActiveCfg = Release|Any CPU
		{526B2122-2268-4DF2-B813-3A38EB6A7CBC}.Ad-Hoc|iPhone.Build.0 = Release|Any CPU
		{526B2122-2268-4DF2-B813-3A38EB6A7CBC}.Ad-Hoc|iPhoneSimulator.ActiveCfg = Release|Any CPU
		{526B2122-2268-4DF2-B813-3A38EB6A7CBC}.Ad-Hoc|iPhoneSimulator.Build.0 = Release|Any CPU
		{526B2122-2268-4DF2-B813-3A38EB6A7CBC}.AppStore|Any CPU.ActiveCfg = Release|Any CPU
		{526B2122-2268-4DF2-B813-3A38EB6A7CBC}.AppStore|Any CPU.Build.0 = Release|Any CPU
		{526B2122-2268-4DF2-B813-3A38EB6A7CBC}.AppStore|iPhone.ActiveCfg = Release|Any CPU
		{526B2122-2268-4DF2-B813-3A38EB6A7CBC}.AppStore|iPhone.Build.0 = Release|Any CPU
		{526B2122-2268-4DF2-B813-3A38EB6A7CBC}.AppStore|iPhoneSimulator.ActiveCfg = Release|Any CPU
		{526B2122-2268-4DF2-B813-3A38EB6A7CBC}.AppStore|iPhoneSimulator.Build.0 = Release|Any CPU
		{526B2122-2268-4DF2-B813-3A38EB6A7CBC}.Debug|Any CPU.ActiveCfg = Debug|Any CPU
		{526B2122-2268-4DF2-B813-3A38EB6A7CBC}.Debug|Any CPU.Build.0 = Debug|Any CPU
		{526B2122-2268-4DF2-B813-3A38EB6A7CBC}.Debug|iPhone.ActiveCfg = Debug|Any CPU
		{526B2122-2268-4DF2-B813-3A38EB6A7CBC}.Debug|iPhone.Build.0 = Debug|Any CPU
		{526B2122-2268-4DF2-B813-3A38EB6A7CBC}.Debug|iPhoneSimulator.ActiveCfg = Debug|Any CPU
		{526B2122-2268-4DF2-B813-3A38EB6A7CBC}.Debug|iPhoneSimulator.Build.0 = Debug|Any CPU
		{526B2122-2268-4DF2-B813-3A38EB6A7CBC}.Release|Any CPU.ActiveCfg = Release|Any CPU
		{526B2122-2268-4DF2-B813-3A38EB6A7CBC}.Release|Any CPU.Build.0 = Release|Any CPU
		{526B2122-2268-4DF2-B813-3A38EB6A7CBC}.Release|iPhone.ActiveCfg = Release|Any CPU
		{526B2122-2268-4DF2-B813-3A38EB6A7CBC}.Release|iPhone.Build.0 = Release|Any CPU
		{526B2122-2268-4DF2-B813-3A38EB6A7CBC}.Release|iPhoneSimulator.ActiveCfg = Release|Any CPU
		{526B2122-2268-4DF2-B813-3A38EB6A7CBC}.Release|iPhoneSimulator.Build.0 = Release|Any CPU
		{579EC018-362B-47AB-AC15-D6023F73D3C9}.Ad-Hoc|Any CPU.ActiveCfg = Release|Any CPU
		{579EC018-362B-47AB-AC15-D6023F73D3C9}.Ad-Hoc|Any CPU.Build.0 = Release|Any CPU
		{579EC018-362B-47AB-AC15-D6023F73D3C9}.Ad-Hoc|iPhone.ActiveCfg = Release|Any CPU
		{579EC018-362B-47AB-AC15-D6023F73D3C9}.Ad-Hoc|iPhone.Build.0 = Release|Any CPU
		{579EC018-362B-47AB-AC15-D6023F73D3C9}.Ad-Hoc|iPhoneSimulator.ActiveCfg = Release|Any CPU
		{579EC018-362B-47AB-AC15-D6023F73D3C9}.Ad-Hoc|iPhoneSimulator.Build.0 = Release|Any CPU
		{579EC018-362B-47AB-AC15-D6023F73D3C9}.AppStore|Any CPU.ActiveCfg = Release|Any CPU
		{579EC018-362B-47AB-AC15-D6023F73D3C9}.AppStore|Any CPU.Build.0 = Release|Any CPU
		{579EC018-362B-47AB-AC15-D6023F73D3C9}.AppStore|iPhone.ActiveCfg = Release|Any CPU
		{579EC018-362B-47AB-AC15-D6023F73D3C9}.AppStore|iPhone.Build.0 = Release|Any CPU
		{579EC018-362B-47AB-AC15-D6023F73D3C9}.AppStore|iPhoneSimulator.ActiveCfg = Release|Any CPU
		{579EC018-362B-47AB-AC15-D6023F73D3C9}.AppStore|iPhoneSimulator.Build.0 = Release|Any CPU
		{579EC018-362B-47AB-AC15-D6023F73D3C9}.Debug|Any CPU.ActiveCfg = Debug|Any CPU
		{579EC018-362B-47AB-AC15-D6023F73D3C9}.Debug|Any CPU.Build.0 = Debug|Any CPU
		{579EC018-362B-47AB-AC15-D6023F73D3C9}.Debug|iPhone.ActiveCfg = Debug|Any CPU
		{579EC018-362B-47AB-AC15-D6023F73D3C9}.Debug|iPhone.Build.0 = Debug|Any CPU
		{579EC018-362B-47AB-AC15-D6023F73D3C9}.Debug|iPhoneSimulator.ActiveCfg = Debug|Any CPU
		{579EC018-362B-47AB-AC15-D6023F73D3C9}.Debug|iPhoneSimulator.Build.0 = Debug|Any CPU
		{579EC018-362B-47AB-AC15-D6023F73D3C9}.Release|Any CPU.ActiveCfg = Release|Any CPU
		{579EC018-362B-47AB-AC15-D6023F73D3C9}.Release|Any CPU.Build.0 = Release|Any CPU
		{579EC018-362B-47AB-AC15-D6023F73D3C9}.Release|iPhone.ActiveCfg = Release|Any CPU
		{579EC018-362B-47AB-AC15-D6023F73D3C9}.Release|iPhone.Build.0 = Release|Any CPU
		{579EC018-362B-47AB-AC15-D6023F73D3C9}.Release|iPhoneSimulator.ActiveCfg = Release|Any CPU
		{579EC018-362B-47AB-AC15-D6023F73D3C9}.Release|iPhoneSimulator.Build.0 = Release|Any CPU
		{8A85759C-4F44-4022-BDAB-4C937C833B75}.Ad-Hoc|Any CPU.ActiveCfg = Release|Any CPU
		{8A85759C-4F44-4022-BDAB-4C937C833B75}.Ad-Hoc|Any CPU.Build.0 = Release|Any CPU
		{8A85759C-4F44-4022-BDAB-4C937C833B75}.Ad-Hoc|Any CPU.Deploy.0 = Release|Any CPU
		{8A85759C-4F44-4022-BDAB-4C937C833B75}.Ad-Hoc|iPhone.ActiveCfg = Release|Any CPU
		{8A85759C-4F44-4022-BDAB-4C937C833B75}.Ad-Hoc|iPhone.Build.0 = Release|Any CPU
		{8A85759C-4F44-4022-BDAB-4C937C833B75}.Ad-Hoc|iPhone.Deploy.0 = Release|Any CPU
		{8A85759C-4F44-4022-BDAB-4C937C833B75}.Ad-Hoc|iPhoneSimulator.ActiveCfg = Release|Any CPU
		{8A85759C-4F44-4022-BDAB-4C937C833B75}.Ad-Hoc|iPhoneSimulator.Build.0 = Release|Any CPU
		{8A85759C-4F44-4022-BDAB-4C937C833B75}.Ad-Hoc|iPhoneSimulator.Deploy.0 = Release|Any CPU
		{8A85759C-4F44-4022-BDAB-4C937C833B75}.AppStore|Any CPU.ActiveCfg = Release|Any CPU
		{8A85759C-4F44-4022-BDAB-4C937C833B75}.AppStore|Any CPU.Build.0 = Release|Any CPU
		{8A85759C-4F44-4022-BDAB-4C937C833B75}.AppStore|Any CPU.Deploy.0 = Release|Any CPU
		{8A85759C-4F44-4022-BDAB-4C937C833B75}.AppStore|iPhone.ActiveCfg = Release|Any CPU
		{8A85759C-4F44-4022-BDAB-4C937C833B75}.AppStore|iPhone.Build.0 = Release|Any CPU
		{8A85759C-4F44-4022-BDAB-4C937C833B75}.AppStore|iPhone.Deploy.0 = Release|Any CPU
		{8A85759C-4F44-4022-BDAB-4C937C833B75}.AppStore|iPhoneSimulator.ActiveCfg = Release|Any CPU
		{8A85759C-4F44-4022-BDAB-4C937C833B75}.AppStore|iPhoneSimulator.Build.0 = Release|Any CPU
		{8A85759C-4F44-4022-BDAB-4C937C833B75}.AppStore|iPhoneSimulator.Deploy.0 = Release|Any CPU
		{8A85759C-4F44-4022-BDAB-4C937C833B75}.Debug|Any CPU.ActiveCfg = Debug|Any CPU
		{8A85759C-4F44-4022-BDAB-4C937C833B75}.Debug|Any CPU.Build.0 = Debug|Any CPU
		{8A85759C-4F44-4022-BDAB-4C937C833B75}.Debug|Any CPU.Deploy.0 = Debug|Any CPU
		{8A85759C-4F44-4022-BDAB-4C937C833B75}.Debug|iPhone.ActiveCfg = Debug|Any CPU
		{8A85759C-4F44-4022-BDAB-4C937C833B75}.Debug|iPhone.Build.0 = Debug|Any CPU
		{8A85759C-4F44-4022-BDAB-4C937C833B75}.Debug|iPhone.Deploy.0 = Debug|Any CPU
		{8A85759C-4F44-4022-BDAB-4C937C833B75}.Debug|iPhoneSimulator.ActiveCfg = Debug|Any CPU
		{8A85759C-4F44-4022-BDAB-4C937C833B75}.Debug|iPhoneSimulator.Build.0 = Debug|Any CPU
		{8A85759C-4F44-4022-BDAB-4C937C833B75}.Debug|iPhoneSimulator.Deploy.0 = Debug|Any CPU
		{8A85759C-4F44-4022-BDAB-4C937C833B75}.Release|Any CPU.ActiveCfg = Release|Any CPU
		{8A85759C-4F44-4022-BDAB-4C937C833B75}.Release|Any CPU.Build.0 = Release|Any CPU
		{8A85759C-4F44-4022-BDAB-4C937C833B75}.Release|Any CPU.Deploy.0 = Release|Any CPU
		{8A85759C-4F44-4022-BDAB-4C937C833B75}.Release|iPhone.ActiveCfg = Release|Any CPU
		{8A85759C-4F44-4022-BDAB-4C937C833B75}.Release|iPhone.Build.0 = Release|Any CPU
		{8A85759C-4F44-4022-BDAB-4C937C833B75}.Release|iPhone.Deploy.0 = Release|Any CPU
		{8A85759C-4F44-4022-BDAB-4C937C833B75}.Release|iPhoneSimulator.ActiveCfg = Release|Any CPU
		{8A85759C-4F44-4022-BDAB-4C937C833B75}.Release|iPhoneSimulator.Build.0 = Release|Any CPU
		{8A85759C-4F44-4022-BDAB-4C937C833B75}.Release|iPhoneSimulator.Deploy.0 = Release|Any CPU
		{103F7B5C-A2BE-489E-8D6D-2F92958E5A6A}.Ad-Hoc|Any CPU.ActiveCfg = Ad-Hoc|iPhone
		{103F7B5C-A2BE-489E-8D6D-2F92958E5A6A}.Ad-Hoc|iPhone.ActiveCfg = Ad-Hoc|iPhone
		{103F7B5C-A2BE-489E-8D6D-2F92958E5A6A}.Ad-Hoc|iPhone.Build.0 = Ad-Hoc|iPhone
		{103F7B5C-A2BE-489E-8D6D-2F92958E5A6A}.Ad-Hoc|iPhoneSimulator.ActiveCfg = Ad-Hoc|iPhoneSimulator
		{103F7B5C-A2BE-489E-8D6D-2F92958E5A6A}.Ad-Hoc|iPhoneSimulator.Build.0 = Ad-Hoc|iPhoneSimulator
		{103F7B5C-A2BE-489E-8D6D-2F92958E5A6A}.AppStore|Any CPU.ActiveCfg = AppStore|iPhone
		{103F7B5C-A2BE-489E-8D6D-2F92958E5A6A}.AppStore|iPhone.ActiveCfg = AppStore|iPhone
		{103F7B5C-A2BE-489E-8D6D-2F92958E5A6A}.AppStore|iPhone.Build.0 = AppStore|iPhone
		{103F7B5C-A2BE-489E-8D6D-2F92958E5A6A}.AppStore|iPhoneSimulator.ActiveCfg = AppStore|iPhoneSimulator
		{103F7B5C-A2BE-489E-8D6D-2F92958E5A6A}.AppStore|iPhoneSimulator.Build.0 = AppStore|iPhoneSimulator
		{103F7B5C-A2BE-489E-8D6D-2F92958E5A6A}.Debug|Any CPU.ActiveCfg = Debug|iPhone
		{103F7B5C-A2BE-489E-8D6D-2F92958E5A6A}.Debug|iPhone.ActiveCfg = Debug|iPhone
		{103F7B5C-A2BE-489E-8D6D-2F92958E5A6A}.Debug|iPhone.Build.0 = Debug|iPhone
		{103F7B5C-A2BE-489E-8D6D-2F92958E5A6A}.Debug|iPhoneSimulator.ActiveCfg = Debug|iPhoneSimulator
		{103F7B5C-A2BE-489E-8D6D-2F92958E5A6A}.Debug|iPhoneSimulator.Build.0 = Debug|iPhoneSimulator
		{103F7B5C-A2BE-489E-8D6D-2F92958E5A6A}.Release|Any CPU.ActiveCfg = Release|iPhone
		{103F7B5C-A2BE-489E-8D6D-2F92958E5A6A}.Release|iPhone.ActiveCfg = Release|iPhone
		{103F7B5C-A2BE-489E-8D6D-2F92958E5A6A}.Release|iPhone.Build.0 = Release|iPhone
		{103F7B5C-A2BE-489E-8D6D-2F92958E5A6A}.Release|iPhoneSimulator.ActiveCfg = Release|iPhoneSimulator
		{103F7B5C-A2BE-489E-8D6D-2F92958E5A6A}.Release|iPhoneSimulator.Build.0 = Release|iPhoneSimulator
		{48476473-17C3-4427-B2FE-83032FA01B05}.Ad-Hoc|Any CPU.ActiveCfg = Debug|Any CPU
		{48476473-17C3-4427-B2FE-83032FA01B05}.Ad-Hoc|Any CPU.Build.0 = Debug|Any CPU
		{48476473-17C3-4427-B2FE-83032FA01B05}.Ad-Hoc|iPhone.ActiveCfg = Debug|Any CPU
		{48476473-17C3-4427-B2FE-83032FA01B05}.Ad-Hoc|iPhone.Build.0 = Debug|Any CPU
		{48476473-17C3-4427-B2FE-83032FA01B05}.Ad-Hoc|iPhoneSimulator.ActiveCfg = Debug|Any CPU
		{48476473-17C3-4427-B2FE-83032FA01B05}.Ad-Hoc|iPhoneSimulator.Build.0 = Debug|Any CPU
		{48476473-17C3-4427-B2FE-83032FA01B05}.AppStore|Any CPU.ActiveCfg = Debug|Any CPU
		{48476473-17C3-4427-B2FE-83032FA01B05}.AppStore|Any CPU.Build.0 = Debug|Any CPU
		{48476473-17C3-4427-B2FE-83032FA01B05}.AppStore|iPhone.ActiveCfg = Debug|Any CPU
		{48476473-17C3-4427-B2FE-83032FA01B05}.AppStore|iPhone.Build.0 = Debug|Any CPU
		{48476473-17C3-4427-B2FE-83032FA01B05}.AppStore|iPhoneSimulator.ActiveCfg = Debug|Any CPU
		{48476473-17C3-4427-B2FE-83032FA01B05}.AppStore|iPhoneSimulator.Build.0 = Debug|Any CPU
		{48476473-17C3-4427-B2FE-83032FA01B05}.Debug|Any CPU.ActiveCfg = Debug|Any CPU
		{48476473-17C3-4427-B2FE-83032FA01B05}.Debug|Any CPU.Build.0 = Debug|Any CPU
		{48476473-17C3-4427-B2FE-83032FA01B05}.Debug|iPhone.ActiveCfg = Debug|Any CPU
		{48476473-17C3-4427-B2FE-83032FA01B05}.Debug|iPhone.Build.0 = Debug|Any CPU
		{48476473-17C3-4427-B2FE-83032FA01B05}.Debug|iPhoneSimulator.ActiveCfg = Debug|Any CPU
		{48476473-17C3-4427-B2FE-83032FA01B05}.Debug|iPhoneSimulator.Build.0 = Debug|Any CPU
		{48476473-17C3-4427-B2FE-83032FA01B05}.Release|Any CPU.ActiveCfg = Release|Any CPU
		{48476473-17C3-4427-B2FE-83032FA01B05}.Release|Any CPU.Build.0 = Release|Any CPU
		{48476473-17C3-4427-B2FE-83032FA01B05}.Release|iPhone.ActiveCfg = Release|Any CPU
		{48476473-17C3-4427-B2FE-83032FA01B05}.Release|iPhone.Build.0 = Release|Any CPU
		{48476473-17C3-4427-B2FE-83032FA01B05}.Release|iPhoneSimulator.ActiveCfg = Release|Any CPU
		{48476473-17C3-4427-B2FE-83032FA01B05}.Release|iPhoneSimulator.Build.0 = Release|Any CPU
	EndGlobalSection
	GlobalSection(SolutionProperties) = preSolution
		HideSolutionNode = FALSE
	EndGlobalSection
	GlobalSection(ExtensibilityGlobals) = postSolution
		SolutionGuid = {C6FAD387-F7A2-4A0A-A4D5-7E10F8A25BB7}
	EndGlobalSection
EndGlobal
